
Microsoft Visual Studio Solution File, Format Version 12.00
# Visual Studio Version 17
VisualStudioVersion = 17.9.34622.214
MinimumVisualStudioVersion = 10.0.40219.1
Project("{FAE04EC0-301F-11D3-BF4B-00C04F79EFBC}") = "Lab_1_Ilchenko_Control_lib", "Lab_1_Ilchenko_Control_lib.csproj", "{B86EC9CF-43B3-4DA1-8B0E-6F6A877F7185}"
EndProject
Global
	GlobalSection(SolutionConfigurationPlatforms) = preSolution
		Debug|Any CPU = Debug|Any CPU
		Release|Any CPU = Release|Any CPU
	EndGlobalSection
	GlobalSection(ProjectConfigurationPlatforms) = postSolution
		{B86EC9CF-43B3-4DA1-8B0E-6F6A877F7185}.Debug|Any CPU.ActiveCfg = Debug|Any CPU
		{B86EC9CF-43B3-4DA1-8B0E-6F6A877F7185}.Debug|Any CPU.Build.0 = Debug|Any CPU
		{B86EC9CF-43B3-4DA1-8B0E-6F6A877F7185}.Release|Any CPU.ActiveCfg = Release|Any CPU
		{B86EC9CF-43B3-4DA1-8B0E-6F6A877F7185}.Release|Any CPU.Build.0 = Release|Any CPU
	EndGlobalSection
	GlobalSection(SolutionProperties) = preSolution
		HideSolutionNode = FALSE
	EndGlobalSection
	GlobalSection(ExtensibilityGlobals) = postSolution
		SolutionGuid = {A5E25DD3-2637-4033-B482-55F8BBACD52F}
	EndGlobalSection
EndGlobal
