
Microsoft Visual Studio Solution File, Format Version 12.00
# Visual Studio Version 17
VisualStudioVersion = 17.9.34622.214
MinimumVisualStudioVersion = 10.0.40219.1
Project("{9A19103F-16F7-4668-BE54-9A1E7A4F7556}") = "Lab_1_Ilchenko", "..\Lab_1_Ilchenko\Lab_1_Ilchenko.csproj", "{4086017E-A1D5-4DE2-8A5C-0729EA007F76}"
EndProject
Project("{9A19103F-16F7-4668-BE54-9A1E7A4F7556}") = "Lab_1_Ilchenko_Control_lib", "..\Lab_1_Ilchenko_Control_lib\Lab_1_Ilchenko_Control_lib.csproj", "{131D616E-7BDA-45F3-A61B-946055C46BEC}"
EndProject
Global
	GlobalSection(SolutionConfigurationPlatforms) = preSolution
		Debug|Any CPU = Debug|Any CPU
		Release|Any CPU = Release|Any CPU
	EndGlobalSection
	GlobalSection(ProjectConfigurationPlatforms) = postSolution
		{4086017E-A1D5-4DE2-8A5C-0729EA007F76}.Debug|Any CPU.ActiveCfg = Debug|Any CPU
		{4086017E-A1D5-4DE2-8A5C-0729EA007F76}.Debug|Any CPU.Build.0 = Debug|Any CPU
		{4086017E-A1D5-4DE2-8A5C-0729EA007F76}.Release|Any CPU.ActiveCfg = Release|Any CPU
		{4086017E-A1D5-4DE2-8A5C-0729EA007F76}.Release|Any CPU.Build.0 = Release|Any CPU
		{131D616E-7BDA-45F3-A61B-946055C46BEC}.Debug|Any CPU.ActiveCfg = Debug|Any CPU
		{131D616E-7BDA-45F3-A61B-946055C46BEC}.Debug|Any CPU.Build.0 = Debug|Any CPU
		{131D616E-7BDA-45F3-A61B-946055C46BEC}.Release|Any CPU.ActiveCfg = Release|Any CPU
		{131D616E-7BDA-45F3-A61B-946055C46BEC}.Release|Any CPU.Build.0 = Release|Any CPU
	EndGlobalSection
	GlobalSection(SolutionProperties) = preSolution
		HideSolutionNode = FALSE
	EndGlobalSection
	GlobalSection(ExtensibilityGlobals) = postSolution
		SolutionGuid = {8CE6FF92-8F73-425E-8126-DFFA1B4FE14E}
	EndGlobalSection
EndGlobal
